
Microsoft Visual Studio Solution File, Format Version 12.00
# Visual Studio Version 16
VisualStudioVersion = 16.0.28315.86
MinimumVisualStudioVersion = 10.0.40219.1
Project("{2150E333-8FDC-42A3-9474-1A3956D46DE8}") = "Engine", "Engine", "{EE54E9E5-F6A3-4CD9-9132-955DCEEF80F6}"
EndProject
Project("{2150E333-8FDC-42A3-9474-1A3956D46DE8}") = "Games", "Games", "{1E5761C9-4CB0-414B-A9CD-BDC5FCCF871E}"
EndProject
Project("{2150E333-8FDC-42A3-9474-1A3956D46DE8}") = "Programs", "Programs", "{561AEDBE-DA8B-4E6A-9383-1B9F495D563D}"
EndProject
Project("{8BC9CEB8-8B4A-11D0-8D11-00A0C91BC942}") = "UE4", "Intermediate\ProjectFiles\UE4.vcxproj", "{70A0E181-3600-43A1-A83A-C087F945BDAE}"
EndProject
Project("{8BC9CEB8-8B4A-11D0-8D11-00A0C91BC942}") = "ExampleGame", "Intermediate\ProjectFiles\ExampleGame.vcxproj", "{BA35C610-FCAB-472A-91DE-EF3521FBD40A}"
EndProject
Project("{8BC9CEB8-8B4A-11D0-8D11-00A0C91BC942}") = "GoogleTestApp", "Intermediate\ProjectFiles\GoogleTestApp.vcxproj", "{1F81F1DD-9A40-4818-BD18-4A4619AAB3CA}"
EndProject
Project("{2150E333-8FDC-42A3-9474-1A3956D46DE8}") = "Visualizers", "Visualizers", "{ADD338C8-A940-4B73-A01B-C39F92C7421C}"
	ProjectSection(SolutionItems) = preProject
		C:\Program Files\Epic Games\UE_4.22\Engine\Extras\VisualStudioDebugging\UE4.natvis = C:\Program Files\Epic Games\UE_4.22\Engine\Extras\VisualStudioDebugging\UE4.natvis
	EndProjectSection
EndProject
Global
	GlobalSection(SolutionConfigurationPlatforms) = preSolution
		DebugGame Editor|HTML5 = DebugGame Editor|HTML5
		DebugGame Editor|Win32 = DebugGame Editor|Win32
		DebugGame Editor|Win64 = DebugGame Editor|Win64
		DebugGame|HTML5 = DebugGame|HTML5
		DebugGame|Win32 = DebugGame|Win32
		DebugGame|Win64 = DebugGame|Win64
		Development Editor|HTML5 = Development Editor|HTML5
		Development Editor|Win32 = Development Editor|Win32
		Development Editor|Win64 = Development Editor|Win64
		Development|HTML5 = Development|HTML5
		Development|Win32 = Development|Win32
		Development|Win64 = Development|Win64
		Shipping|HTML5 = Shipping|HTML5
		Shipping|Win32 = Shipping|Win32
		Shipping|Win64 = Shipping|Win64
	EndGlobalSection
	GlobalSection(ProjectConfigurationPlatforms) = postSolution
		{70A0E181-3600-43A1-A83A-C087F945BDAE}.DebugGame Editor|HTML5.ActiveCfg = BuiltWithUnrealBuildTool|Win32
		{70A0E181-3600-43A1-A83A-C087F945BDAE}.DebugGame Editor|Win32.ActiveCfg = BuiltWithUnrealBuildTool|Win32
		{70A0E181-3600-43A1-A83A-C087F945BDAE}.DebugGame Editor|Win64.ActiveCfg = BuiltWithUnrealBuildTool|Win32
		{70A0E181-3600-43A1-A83A-C087F945BDAE}.DebugGame|HTML5.ActiveCfg = BuiltWithUnrealBuildTool|Win32
		{70A0E181-3600-43A1-A83A-C087F945BDAE}.DebugGame|Win32.ActiveCfg = BuiltWithUnrealBuildTool|Win32
		{70A0E181-3600-43A1-A83A-C087F945BDAE}.DebugGame|Win64.ActiveCfg = BuiltWithUnrealBuildTool|Win32
		{70A0E181-3600-43A1-A83A-C087F945BDAE}.Development Editor|HTML5.ActiveCfg = BuiltWithUnrealBuildTool|Win32
		{70A0E181-3600-43A1-A83A-C087F945BDAE}.Development Editor|Win32.ActiveCfg = BuiltWithUnrealBuildTool|Win32
		{70A0E181-3600-43A1-A83A-C087F945BDAE}.Development Editor|Win64.ActiveCfg = BuiltWithUnrealBuildTool|Win32
		{70A0E181-3600-43A1-A83A-C087F945BDAE}.Development|HTML5.ActiveCfg = BuiltWithUnrealBuildTool|Win32
		{70A0E181-3600-43A1-A83A-C087F945BDAE}.Development|Win32.ActiveCfg = BuiltWithUnrealBuildTool|Win32
		{70A0E181-3600-43A1-A83A-C087F945BDAE}.Development|Win64.ActiveCfg = BuiltWithUnrealBuildTool|Win32
		{70A0E181-3600-43A1-A83A-C087F945BDAE}.Shipping|HTML5.ActiveCfg = BuiltWithUnrealBuildTool|Win32
		{70A0E181-3600-43A1-A83A-C087F945BDAE}.Shipping|Win32.ActiveCfg = BuiltWithUnrealBuildTool|Win32
		{70A0E181-3600-43A1-A83A-C087F945BDAE}.Shipping|Win64.ActiveCfg = BuiltWithUnrealBuildTool|Win32
		{BA35C610-FCAB-472A-91DE-EF3521FBD40A}.DebugGame Editor|HTML5.ActiveCfg = Invalid|Win32
		{BA35C610-FCAB-472A-91DE-EF3521FBD40A}.DebugGame Editor|Win32.ActiveCfg = Invalid|Win32
		{BA35C610-FCAB-472A-91DE-EF3521FBD40A}.DebugGame Editor|Win64.ActiveCfg = DebugGame_Editor|x64
		{BA35C610-FCAB-472A-91DE-EF3521FBD40A}.DebugGame Editor|Win64.Build.0 = DebugGame_Editor|x64
		{BA35C610-FCAB-472A-91DE-EF3521FBD40A}.DebugGame|HTML5.ActiveCfg = HTML5_DebugGame|Win32
		{BA35C610-FCAB-472A-91DE-EF3521FBD40A}.DebugGame|HTML5.Build.0 = HTML5_DebugGame|Win32
		{BA35C610-FCAB-472A-91DE-EF3521FBD40A}.DebugGame|Win32.ActiveCfg = DebugGame|Win32
		{BA35C610-FCAB-472A-91DE-EF3521FBD40A}.DebugGame|Win32.Build.0 = DebugGame|Win32
		{BA35C610-FCAB-472A-91DE-EF3521FBD40A}.DebugGame|Win64.ActiveCfg = DebugGame|x64
		{BA35C610-FCAB-472A-91DE-EF3521FBD40A}.DebugGame|Win64.Build.0 = DebugGame|x64
		{BA35C610-FCAB-472A-91DE-EF3521FBD40A}.Development Editor|HTML5.ActiveCfg = Invalid|Win32
		{BA35C610-FCAB-472A-91DE-EF3521FBD40A}.Development Editor|Win32.ActiveCfg = Invalid|Win32
		{BA35C610-FCAB-472A-91DE-EF3521FBD40A}.Development Editor|Win64.ActiveCfg = Development_Editor|x64
		{BA35C610-FCAB-472A-91DE-EF3521FBD40A}.Development Editor|Win64.Build.0 = Development_Editor|x64
		{BA35C610-FCAB-472A-91DE-EF3521FBD40A}.Development|HTML5.ActiveCfg = HTML5_Development|Win32
		{BA35C610-FCAB-472A-91DE-EF3521FBD40A}.Development|HTML5.Build.0 = HTML5_Development|Win32
		{BA35C610-FCAB-472A-91DE-EF3521FBD40A}.Development|Win32.ActiveCfg = Development|Win32
		{BA35C610-FCAB-472A-91DE-EF3521FBD40A}.Development|Win32.Build.0 = Development|Win32
		{BA35C610-FCAB-472A-91DE-EF3521FBD40A}.Development|Win64.ActiveCfg = Development|x64
		{BA35C610-FCAB-472A-91DE-EF3521FBD40A}.Development|Win64.Build.0 = Development|x64
		{BA35C610-FCAB-472A-91DE-EF3521FBD40A}.Shipping|HTML5.ActiveCfg = HTML5_Shipping|Win32
		{BA35C610-FCAB-472A-91DE-EF3521FBD40A}.Shipping|HTML5.Build.0 = HTML5_Shipping|Win32
		{BA35C610-FCAB-472A-91DE-EF3521FBD40A}.Shipping|Win32.ActiveCfg = Shipping|Win32
		{BA35C610-FCAB-472A-91DE-EF3521FBD40A}.Shipping|Win32.Build.0 = Shipping|Win32
		{BA35C610-FCAB-472A-91DE-EF3521FBD40A}.Shipping|Win64.ActiveCfg = Shipping|x64
		{BA35C610-FCAB-472A-91DE-EF3521FBD40A}.Shipping|Win64.Build.0 = Shipping|x64
		{1F81F1DD-9A40-4818-BD18-4A4619AAB3CA}.DebugGame Editor|HTML5.ActiveCfg = Invalid|Win32
		{1F81F1DD-9A40-4818-BD18-4A4619AAB3CA}.DebugGame Editor|Win32.ActiveCfg = DebugGame_Program|Win32
		{1F81F1DD-9A40-4818-BD18-4A4619AAB3CA}.DebugGame Editor|Win32.Build.0 = DebugGame_Program|Win32
		{1F81F1DD-9A40-4818-BD18-4A4619AAB3CA}.DebugGame Editor|Win64.ActiveCfg = DebugGame_Program|x64
		{1F81F1DD-9A40-4818-BD18-4A4619AAB3CA}.DebugGame Editor|Win64.Build.0 = DebugGame_Program|x64
		{1F81F1DD-9A40-4818-BD18-4A4619AAB3CA}.DebugGame|HTML5.ActiveCfg = Invalid|Win32
		{1F81F1DD-9A40-4818-BD18-4A4619AAB3CA}.DebugGame|Win32.ActiveCfg = DebugGame_Program|Win32
		{1F81F1DD-9A40-4818-BD18-4A4619AAB3CA}.DebugGame|Win32.Build.0 = DebugGame_Program|Win32
		{1F81F1DD-9A40-4818-BD18-4A4619AAB3CA}.DebugGame|Win64.ActiveCfg = DebugGame_Program|x64
		{1F81F1DD-9A40-4818-BD18-4A4619AAB3CA}.DebugGame|Win64.Build.0 = DebugGame_Program|x64
		{1F81F1DD-9A40-4818-BD18-4A4619AAB3CA}.Development Editor|HTML5.ActiveCfg = Invalid|Win32
		{1F81F1DD-9A40-4818-BD18-4A4619AAB3CA}.Development Editor|Win32.ActiveCfg = Development_Program|Win32
		{1F81F1DD-9A40-4818-BD18-4A4619AAB3CA}.Development Editor|Win32.Build.0 = Development_Program|Win32
		{1F81F1DD-9A40-4818-BD18-4A4619AAB3CA}.Development Editor|Win64.ActiveCfg = Development_Program|x64
		{1F81F1DD-9A40-4818-BD18-4A4619AAB3CA}.Development Editor|Win64.Build.0 = Development_Program|x64
		{1F81F1DD-9A40-4818-BD18-4A4619AAB3CA}.Development|HTML5.ActiveCfg = Invalid|Win32
		{1F81F1DD-9A40-4818-BD18-4A4619AAB3CA}.Development|Win32.ActiveCfg = Development_Program|Win32
		{1F81F1DD-9A40-4818-BD18-4A4619AAB3CA}.Development|Win32.Build.0 = Development_Program|Win32
		{1F81F1DD-9A40-4818-BD18-4A4619AAB3CA}.Development|Win64.ActiveCfg = Development_Program|x64
		{1F81F1DD-9A40-4818-BD18-4A4619AAB3CA}.Development|Win64.Build.0 = Development_Program|x64
		{1F81F1DD-9A40-4818-BD18-4A4619AAB3CA}.Shipping|HTML5.ActiveCfg = Invalid|Win32
		{1F81F1DD-9A40-4818-BD18-4A4619AAB3CA}.Shipping|Win32.ActiveCfg = Shipping_Program|Win32
		{1F81F1DD-9A40-4818-BD18-4A4619AAB3CA}.Shipping|Win32.Build.0 = Shipping_Program|Win32
		{1F81F1DD-9A40-4818-BD18-4A4619AAB3CA}.Shipping|Win64.ActiveCfg = Shipping_Program|x64
		{1F81F1DD-9A40-4818-BD18-4A4619AAB3CA}.Shipping|Win64.Build.0 = Shipping_Program|x64
	EndGlobalSection
	GlobalSection(SolutionProperties) = preSolution
		HideSolutionNode = FALSE
	EndGlobalSection
	GlobalSection(NestedProjects) = preSolution
		{70A0E181-3600-43A1-A83A-C087F945BDAE} = {EE54E9E5-F6A3-4CD9-9132-955DCEEF80F6}
		{BA35C610-FCAB-472A-91DE-EF3521FBD40A} = {1E5761C9-4CB0-414B-A9CD-BDC5FCCF871E}
		{1F81F1DD-9A40-4818-BD18-4A4619AAB3CA} = {561AEDBE-DA8B-4E6A-9383-1B9F495D563D}
	EndGlobalSection
EndGlobal
